
Microsoft Visual Studio Solution File, Format Version 12.00
# Visual Studio Version 17
VisualStudioVersion = 17.14.36518.9
MinimumVisualStudioVersion = 10.0.40219.1
Project("{2150E333-8FDC-42A3-9474-1A3956D46DE8}") = "Solution Items", "Solution Items", "{8EC462FD-D22E-90A8-E5CE-7E832BA40C5D}"
	ProjectSection(SolutionItems) = preProject
		.gitignore = .gitignore
	EndProjectSection
EndProject
Project("{FAE04EC0-301F-11D3-BF4B-00C04F79EFBC}") = "UserApi", "UserApi\UserApi.csproj", "{A5296E38-1622-41BE-AE40-583857DFEBB5}"
EndProject
Project("{FAE04EC0-301F-11D3-BF4B-00C04F79EFBC}") = "ControlPanel", "ControlPanel\ControlPanel.csproj", "{A1338860-7B4C-43E8-B3CD-07B83BE90FA9}"
EndProject
Global
	GlobalSection(SolutionConfigurationPlatforms) = preSolution
		Debug|Any CPU = Debug|Any CPU
		Release|Any CPU = Release|Any CPU
	EndGlobalSection
	GlobalSection(ProjectConfigurationPlatforms) = postSolution
		{A5296E38-1622-41BE-AE40-583857DFEBB5}.Debug|Any CPU.ActiveCfg = Debug|Any CPU
		{A5296E38-1622-41BE-AE40-583857DFEBB5}.Debug|Any CPU.Build.0 = Debug|Any CPU
		{A5296E38-1622-41BE-AE40-583857DFEBB5}.Release|Any CPU.ActiveCfg = Release|Any CPU
		{A5296E38-1622-41BE-AE40-583857DFEBB5}.Release|Any CPU.Build.0 = Release|Any CPU
		{A1338860-7B4C-43E8-B3CD-07B83BE90FA9}.Debug|Any CPU.ActiveCfg = Debug|Any CPU
		{A1338860-7B4C-43E8-B3CD-07B83BE90FA9}.Debug|Any CPU.Build.0 = Debug|Any CPU
		{A1338860-7B4C-43E8-B3CD-07B83BE90FA9}.Release|Any CPU.ActiveCfg = Release|Any CPU
		{A1338860-7B4C-43E8-B3CD-07B83BE90FA9}.Release|Any CPU.Build.0 = Release|Any CPU
	EndGlobalSection
	GlobalSection(SolutionProperties) = preSolution
		HideSolutionNode = FALSE
	EndGlobalSection
	GlobalSection(ExtensibilityGlobals) = postSolution
		SolutionGuid = {7A2A3D2B-326A-4443-8D16-CCB2A50631B8}
	EndGlobalSection
EndGlobal
